{
    "_readme": [
        "This file locks the dependencies of your project to a known state",
        "Read more about it at https://getcomposer.org/doc/01-basic-usage.md#installing-dependencies",
        "This file is @generated automatically"
    ],
    "content-hash": "265d9348a5aceb1bf617eea9bcb86664",
    "packages": [
        {
            "name": "open-telemetry/api",
            "version": "1.4.0",
            "source": {
                "type": "git",
                "url": "https://github.com/opentelemetry-php/api.git",
                "reference": "b3a9286f9c1c8247c83493c5b1fa475cd0cec7f7"
            },
            "dist": {
                "type": "zip",
                "url": "https://api.github.com/repos/opentelemetry-php/api/zipball/b3a9286f9c1c8247c83493c5b1fa475cd0cec7f7",
                "reference": "b3a9286f9c1c8247c83493c5b1fa475cd0cec7f7",
                "shasum": ""
            },
            "require": {
                "open-telemetry/context": "^1.0",
                "php": "^8.1",
                "psr/log": "^1.1|^2.0|^3.0",
                "symfony/polyfill-php82": "^1.26"
            },
            "conflict": {
                "open-telemetry/sdk": "<=1.0.8"
            },
            "type": "library",
            "extra": {
                "spi": {
                    "OpenTelemetry\\API\\Instrumentation\\AutoInstrumentation\\HookManagerInterface": [
                        "OpenTelemetry\\API\\Instrumentation\\AutoInstrumentation\\ExtensionHookManager"
                    ]
                },
                "branch-alias": {
                    "dev-main": "1.4.x-dev"
                }
            },
            "autoload": {
                "files": [
                    "Trace/functions.php"
                ],
                "psr-4": {
                    "OpenTelemetry\\API\\": "."
                }
            },
            "notification-url": "https://packagist.org/downloads/",
            "license": [
                "Apache-2.0"
            ],
            "authors": [
                {
                    "name": "opentelemetry-php contributors",
                    "homepage": "https://github.com/open-telemetry/opentelemetry-php/graphs/contributors"
                }
            ],
            "description": "API for OpenTelemetry PHP.",
            "keywords": [
                "Metrics",
                "api",
                "apm",
                "logging",
                "opentelemetry",
                "otel",
                "tracing"
            ],
            "support": {
                "chat": "https://app.slack.com/client/T08PSQ7BQ/C01NFPCV44V",
                "docs": "https://opentelemetry.io/docs/php",
                "issues": "https://github.com/open-telemetry/opentelemetry-php/issues",
                "source": "https://github.com/open-telemetry/opentelemetry-php"
            },
            "time": "2025-06-19T23:36:51+00:00"
        },
        {
            "name": "open-telemetry/context",
            "version": "1.2.1",
            "source": {
                "type": "git",
                "url": "https://github.com/opentelemetry-php/context.git",
                "reference": "1eb2b837ee9362db064a6b65d5ecce15a9f9f020"
            },
            "dist": {
                "type": "zip",
                "url": "https://api.github.com/repos/opentelemetry-php/context/zipball/1eb2b837ee9362db064a6b65d5ecce15a9f9f020",
                "reference": "1eb2b837ee9362db064a6b65d5ecce15a9f9f020",
                "shasum": ""
            },
            "require": {
                "php": "^8.1",
                "symfony/polyfill-php82": "^1.26"
            },
            "suggest": {
                "ext-ffi": "To allow context switching in Fibers"
            },
            "type": "library",
            "extra": {
                "branch-alias": {
                    "dev-main": "1.0.x-dev"
                }
            },
            "autoload": {
                "files": [
                    "fiber/initialize_fiber_handler.php"
                ],
                "psr-4": {
                    "OpenTelemetry\\Context\\": "."
                }
            },
            "notification-url": "https://packagist.org/downloads/",
            "license": [
                "Apache-2.0"
            ],
            "authors": [
                {
                    "name": "opentelemetry-php contributors",
                    "homepage": "https://github.com/open-telemetry/opentelemetry-php/graphs/contributors"
                }
            ],
            "description": "Context implementation for OpenTelemetry PHP.",
            "keywords": [
                "Context",
                "opentelemetry",
                "otel"
            ],
            "support": {
                "chat": "https://app.slack.com/client/T08PSQ7BQ/C01NFPCV44V",
                "docs": "https://opentelemetry.io/docs/php",
                "issues": "https://github.com/open-telemetry/opentelemetry-php/issues",
                "source": "https://github.com/open-telemetry/opentelemetry-php"
            },
            "time": "2025-05-07T23:36:50+00:00"
        },
        {
            "name": "open-telemetry/opentelemetry-auto-pdo",
            "version": "0.1.1",
            "source": {
                "type": "git",
                "url": "https://github.com/opentelemetry-php/contrib-auto-pdo.git",
                "reference": "63c7bdbb914e422f5cd198259e2bc7d229c8ea33"
            },
            "dist": {
                "type": "zip",
                "url": "https://api.github.com/repos/opentelemetry-php/contrib-auto-pdo/zipball/63c7bdbb914e422f5cd198259e2bc7d229c8ea33",
                "reference": "63c7bdbb914e422f5cd198259e2bc7d229c8ea33",
                "shasum": ""
            },
            "require": {
                "ext-opentelemetry": "*",
                "ext-pdo": "*",
                "open-telemetry/api": "^1.0",
                "open-telemetry/sem-conv": "^1.32",
                "php": "^8.2",
                "symfony/polyfill-mbstring": "^1.31"
            },
            "require-dev": {
                "friendsofphp/php-cs-fixer": "^3",
                "open-telemetry/sdk": "^1.0",
                "open-telemetry/test-utils": "^0.2.0",
                "phan/phan": "^5.0",
                "php-http/mock-client": "*",
                "phpstan/phpstan": "^1.1",
                "phpstan/phpstan-phpunit": "^1.0",
                "phpunit/phpunit": "^9.5",
                "psalm/plugin-phpunit": "^0.19.2",
                "vimeo/psalm": "6.4.0"
            },
            "suggest": {
                "ext-mbstring": "For better performance than symfony/polyfill-mbstring"
            },
            "type": "library",
            "autoload": {
                "files": [
                    "_register.php"
                ],
                "psr-4": {
                    "OpenTelemetry\\Contrib\\Instrumentation\\PDO\\": "src/"
                }
            },
            "notification-url": "https://packagist.org/downloads/",
            "license": [
                "Apache-2.0"
            ],
            "description": "OpenTelemetry auto-instrumentation for PDO",
            "homepage": "https://opentelemetry.io/docs/php",
            "keywords": [
                "instrumentation",
                "open-telemetry",
                "opentelemetry",
                "otel",
                "pdo",
                "tracing"
            ],
            "support": {
                "source": "https://github.com/opentelemetry-php/contrib-auto-pdo/tree/0.1.1"
            },
            "time": "2025-05-14T00:19:47+00:00"
        },
        {
            "name": "open-telemetry/sem-conv",
            "version": "1.32.1",
            "source": {
                "type": "git",
                "url": "https://github.com/opentelemetry-php/sem-conv.git",
                "reference": "94daa85ea61a8e2b7e1b0af6be0e875bedda7c22"
            },
            "dist": {
                "type": "zip",
                "url": "https://api.github.com/repos/opentelemetry-php/sem-conv/zipball/94daa85ea61a8e2b7e1b0af6be0e875bedda7c22",
                "reference": "94daa85ea61a8e2b7e1b0af6be0e875bedda7c22",
                "shasum": ""
            },
            "require": {
                "php": "^8.0"
            },
            "type": "library",
            "extra": {
                "branch-alias": {
                    "dev-main": "1.x-dev"
                }
            },
            "autoload": {
                "psr-4": {
                    "OpenTelemetry\\SemConv\\": "."
                }
            },
            "notification-url": "https://packagist.org/downloads/",
            "license": [
                "Apache-2.0"
            ],
            "authors": [
                {
                    "name": "opentelemetry-php contributors",
                    "homepage": "https://github.com/open-telemetry/opentelemetry-php/graphs/contributors"
                }
            ],
            "description": "Semantic conventions for OpenTelemetry PHP.",
            "keywords": [
                "Metrics",
                "apm",
                "logging",
                "opentelemetry",
                "otel",
                "semantic conventions",
                "semconv",
                "tracing"
            ],
            "support": {
                "chat": "https://app.slack.com/client/T08PSQ7BQ/C01NFPCV44V",
                "docs": "https://opentelemetry.io/docs/php",
                "issues": "https://github.com/open-telemetry/opentelemetry-php/issues",
                "source": "https://github.com/open-telemetry/opentelemetry-php"
            },
            "time": "2025-06-24T02:32:27+00:00"
        },
        {
            "name": "psr/log",
            "version": "3.0.2",
            "source": {
                "type": "git",
                "url": "https://github.com/php-fig/log.git",
                "reference": "f16e1d5863e37f8d8c2a01719f5b34baa2b714d3"
            },
            "dist": {
                "type": "zip",
                "url": "https://api.github.com/repos/php-fig/log/zipball/f16e1d5863e37f8d8c2a01719f5b34baa2b714d3",
                "reference": "f16e1d5863e37f8d8c2a01719f5b34baa2b714d3",
                "shasum": ""
            },
            "require": {
                "php": ">=8.0.0"
            },
            "type": "library",
            "extra": {
                "branch-alias": {
                    "dev-master": "3.x-dev"
                }
            },
            "autoload": {
                "psr-4": {
                    "Psr\\Log\\": "src"
                }
            },
            "notification-url": "https://packagist.org/downloads/",
            "license": [
                "MIT"
            ],
            "authors": [
                {
                    "name": "PHP-FIG",
                    "homepage": "https://www.php-fig.org/"
                }
            ],
            "description": "Common interface for logging libraries",
            "homepage": "https://github.com/php-fig/log",
            "keywords": [
                "log",
                "psr",
                "psr-3"
            ],
            "support": {
                "source": "https://github.com/php-fig/log/tree/3.0.2"
            },
            "time": "2024-09-11T13:17:53+00:00"
        },
        {
            "name": "symfony/polyfill-mbstring",
            "version": "v1.32.0",
            "source": {
                "type": "git",
                "url": "https://github.com/symfony/polyfill-mbstring.git",
                "reference": "6d857f4d76bd4b343eac26d6b539585d2bc56493"
            },
            "dist": {
                "type": "zip",
                "url": "https://api.github.com/repos/symfony/polyfill-mbstring/zipball/6d857f4d76bd4b343eac26d6b539585d2bc56493",
                "reference": "6d857f4d76bd4b343eac26d6b539585d2bc56493",
                "shasum": ""
            },
            "require": {
                "ext-iconv": "*",
                "php": ">=7.2"
            },
            "provide": {
                "ext-mbstring": "*"
            },
            "suggest": {
                "ext-mbstring": "For best performance"
            },
            "type": "library",
            "extra": {
                "thanks": {
                    "url": "https://github.com/symfony/polyfill",
                    "name": "symfony/polyfill"
                }
            },
            "autoload": {
                "files": [
                    "bootstrap.php"
                ],
                "psr-4": {
                    "Symfony\\Polyfill\\Mbstring\\": ""
                }
            },
            "notification-url": "https://packagist.org/downloads/",
            "license": [
                "MIT"
            ],
            "authors": [
                {
                    "name": "Nicolas Grekas",
                    "email": "p@tchwork.com"
                },
                {
                    "name": "Symfony Community",
                    "homepage": "https://symfony.com/contributors"
                }
            ],
            "description": "Symfony polyfill for the Mbstring extension",
            "homepage": "https://symfony.com",
            "keywords": [
                "compatibility",
                "mbstring",
                "polyfill",
                "portable",
                "shim"
            ],
            "support": {
                "source": "https://github.com/symfony/polyfill-mbstring/tree/v1.32.0"
            },
            "funding": [
                {
                    "url": "https://symfony.com/sponsor",
                    "type": "custom"
                },
                {
                    "url": "https://github.com/fabpot",
                    "type": "github"
                },
                {
                    "url": "https://tidelift.com/funding/github/packagist/symfony/symfony",
                    "type": "tidelift"
                }
            ],
            "time": "2024-12-23T08:48:59+00:00"
        },
        {
            "name": "symfony/polyfill-php82",
            "version": "v1.32.0",
            "source": {
                "type": "git",
                "url": "https://github.com/symfony/polyfill-php82.git",
                "reference": "5d2ed36f7734637dacc025f179698031951b1692"
            },
            "dist": {
                "type": "zip",
                "url": "https://api.github.com/repos/symfony/polyfill-php82/zipball/5d2ed36f7734637dacc025f179698031951b1692",
                "reference": "5d2ed36f7734637dacc025f179698031951b1692",
                "shasum": ""
            },
            "require": {
                "php": ">=7.2"
            },
            "type": "library",
            "extra": {
                "thanks": {
                    "url": "https://github.com/symfony/polyfill",
                    "name": "symfony/polyfill"
                }
            },
            "autoload": {
                "files": [
                    "bootstrap.php"
                ],
                "psr-4": {
                    "Symfony\\Polyfill\\Php82\\": ""
                },
                "classmap": [
                    "Resources/stubs"
                ]
            },
            "notification-url": "https://packagist.org/downloads/",
            "license": [
                "MIT"
            ],
            "authors": [
                {
                    "name": "Nicolas Grekas",
                    "email": "p@tchwork.com"
                },
                {
                    "name": "Symfony Community",
                    "homepage": "https://symfony.com/contributors"
                }
            ],
            "description": "Symfony polyfill backporting some PHP 8.2+ features to lower PHP versions",
            "homepage": "https://symfony.com",
            "keywords": [
                "compatibility",
                "polyfill",
                "portable",
                "shim"
            ],
            "support": {
                "source": "https://github.com/symfony/polyfill-php82/tree/v1.32.0"
            },
            "funding": [
                {
                    "url": "https://symfony.com/sponsor",
                    "type": "custom"
                },
                {
                    "url": "https://github.com/fabpot",
                    "type": "github"
                },
                {
                    "url": "https://tidelift.com/funding/github/packagist/symfony/symfony",
                    "type": "tidelift"
                }
            ],
            "time": "2024-09-09T11:45:10+00:00"
        }
    ],
    "packages-dev": [],
    "aliases": [],
    "minimum-stability": "stable",
    "stability-flags": [],
    "prefer-stable": false,
    "prefer-lowest": false,
    "platform": [],
    "platform-dev": [],
    "plugin-api-version": "2.6.0"
}
